{
  "name": "mhm-hr",
  "version": "1.0.0",
  "lockfileVersion": 2,
  "requires": true,
  "packages": {
    "": {
      "name": "mhm-hr",
      "version": "1.0.0",
      "license": "ISC",
      "dependencies": {
        "@hotwired/turbo": "^7.0.0-rc.1"
      }
    },
    "node_modules/@hotwired/turbo": {
      "version": "7.0.0-rc.1",
      "resolved": "https://registry.npmjs.org/@hotwired/turbo/-/turbo-7.0.0-rc.1.tgz",
      "integrity": "sha512-niNA68ku4TZYbV3biwTPf1L5CidP50S2xfeb5rGQfodvPB9UAtkqKFFRIA0LL8y0DG4MGIZ/QFlbvlmFea5p4w=="
    }
  },
  "dependencies": {
    "@hotwired/turbo": {
      "version": "7.0.0-rc.1",
      "resolved": "https://registry.npmjs.org/@hotwired/turbo/-/turbo-7.0.0-rc.1.tgz",
      "integrity": "sha512-niNA68ku4TZYbV3biwTPf1L5CidP50S2xfeb5rGQfodvPB9UAtkqKFFRIA0LL8y0DG4MGIZ/QFlbvlmFea5p4w=="
    }
  }
}
